// !$*UTF8*$!
{
	archiveVersion = 1;
	classes = {
	};
	objectVersion = 46;
	objects = {

/* Begin PBXBuildFile section */
		7F073F2D1D2FAE040015F2AC /* AppDelegate.swift in Sources */ = {isa = PBXBuildFile; fileRef = 7F073F2C1D2FAE040015F2AC /* AppDelegate.swift */; };
		7F073F341D2FAE040015F2AC /* Assets.xcassets in Resources */ = {isa = PBXBuildFile; fileRef = 7F073F331D2FAE040015F2AC /* Assets.xcassets */; };
		7F073F371D2FAE040015F2AC /* LaunchScreen.storyboard in Resources */ = {isa = PBXBuildFile; fileRef = 7F073F351D2FAE040015F2AC /* LaunchScreen.storyboard */; };
		7F073F421D2FAE040015F2AC /* KCHackerBooksTests.swift in Sources */ = {isa = PBXBuildFile; fileRef = 7F073F411D2FAE040015F2AC /* KCHackerBooksTests.swift */; };
		7F073F4D1D2FAE040015F2AC /* KCHackerBooksUITests.swift in Sources */ = {isa = PBXBuildFile; fileRef = 7F073F4C1D2FAE040015F2AC /* KCHackerBooksUITests.swift */; };
		7FAACA3A1D2FBBE1005593C2 /* BVCBook.swift in Sources */ = {isa = PBXBuildFile; fileRef = 7FAACA391D2FBBE1005593C2 /* BVCBook.swift */; };
		7FAACA3C1D2FD62B005593C2 /* BVCLibrary.swift in Sources */ = {isa = PBXBuildFile; fileRef = 7FAACA3B1D2FD62B005593C2 /* BVCLibrary.swift */; };
		7FAACA401D32B232005593C2 /* BVCHBooksErrors.swift in Sources */ = {isa = PBXBuildFile; fileRef = 7FAACA3F1D32B232005593C2 /* BVCHBooksErrors.swift */; };
		7FAACA421D32B8C3005593C2 /* BVCHBooksJSONProcessing.swift in Sources */ = {isa = PBXBuildFile; fileRef = 7FAACA411D32B8C3005593C2 /* BVCHBooksJSONProcessing.swift */; };
		7FAACA441D32C8AE005593C2 /* Foundation.swift in Sources */ = {isa = PBXBuildFile; fileRef = 7FAACA431D32C8AE005593C2 /* Foundation.swift */; };
		7FAACA491D33A124005593C2 /* Constants.swift in Sources */ = {isa = PBXBuildFile; fileRef = 7FAACA481D33A124005593C2 /* Constants.swift */; };
		7FAACA4B1D33A130005593C2 /* StoreHelper.swift in Sources */ = {isa = PBXBuildFile; fileRef = 7FAACA4A1D33A130005593C2 /* StoreHelper.swift */; };
		7FAACA4D1D366FDD005593C2 /* Utilities.swift in Sources */ = {isa = PBXBuildFile; fileRef = 7FAACA4C1D366FDD005593C2 /* Utilities.swift */; };
		7FAACA511D36774E005593C2 /* BVCBookViewController.swift in Sources */ = {isa = PBXBuildFile; fileRef = 7FAACA4F1D36774E005593C2 /* BVCBookViewController.swift */; };
		7FAACA521D36774E005593C2 /* BVCBookViewController.xib in Resources */ = {isa = PBXBuildFile; fileRef = 7FAACA501D36774E005593C2 /* BVCBookViewController.xib */; };
		7FAACA581D36C250005593C2 /* LibraryTableViewController.swift in Sources */ = {isa = PBXBuildFile; fileRef = 7FAACA571D36C250005593C2 /* LibraryTableViewController.swift */; };
		7FAACA5B1D36CD26005593C2 /* BVCBookPDFViewController.swift in Sources */ = {isa = PBXBuildFile; fileRef = 7FAACA591D36CD26005593C2 /* BVCBookPDFViewController.swift */; };
		7FAACA5C1D36CD26005593C2 /* BVCBookPDFViewController.xib in Resources */ = {isa = PBXBuildFile; fileRef = 7FAACA5A1D36CD26005593C2 /* BVCBookPDFViewController.xib */; };
/* End PBXBuildFile section */

/* Begin PBXContainerItemProxy section */
		7F073F3E1D2FAE040015F2AC /* PBXContainerItemProxy */ = {
			isa = PBXContainerItemProxy;
			containerPortal = 7F073F211D2FAE040015F2AC /* Project object */;
			proxyType = 1;
			remoteGlobalIDString = 7F073F281D2FAE040015F2AC;
			remoteInfo = KCHackerBooks;
		};
		7F073F491D2FAE040015F2AC /* PBXContainerItemProxy */ = {
			isa = PBXContainerItemProxy;
			containerPortal = 7F073F211D2FAE040015F2AC /* Project object */;
			proxyType = 1;
			remoteGlobalIDString = 7F073F281D2FAE040015F2AC;
			remoteInfo = KCHackerBooks;
		};
/* End PBXContainerItemProxy section */

/* Begin PBXFileReference section */
		7F073F291D2FAE040015F2AC /* KCHackerBooks.app */ = {isa = PBXFileReference; explicitFileType = wrapper.application; includeInIndex = 0; path = KCHackerBooks.app; sourceTree = BUILT_PRODUCTS_DIR; };
		7F073F2C1D2FAE040015F2AC /* AppDelegate.swift */ = {isa = PBXFileReference; lastKnownFileType = sourcecode.swift; path = AppDelegate.swift; sourceTree = "<group>"; };
		7F073F331D2FAE040015F2AC /* Assets.xcassets */ = {isa = PBXFileReference; lastKnownFileType = folder.assetcatalog; path = Assets.xcassets; sourceTree = "<group>"; };
		7F073F361D2FAE040015F2AC /* Base */ = {isa = PBXFileReference; lastKnownFileType = file.storyboard; name = Base; path = Base.lproj/LaunchScreen.storyboard; sourceTree = "<group>"; };
		7F073F381D2FAE040015F2AC /* Info.plist */ = {isa = PBXFileReference; lastKnownFileType = text.plist.xml; path = Info.plist; sourceTree = "<group>"; };
		7F073F3D1D2FAE040015F2AC /* KCHackerBooksTests.xctest */ = {isa = PBXFileReference; explicitFileType = wrapper.cfbundle; includeInIndex = 0; path = KCHackerBooksTests.xctest; sourceTree = BUILT_PRODUCTS_DIR; };
		7F073F411D2FAE040015F2AC /* KCHackerBooksTests.swift */ = {isa = PBXFileReference; lastKnownFileType = sourcecode.swift; path = KCHackerBooksTests.swift; sourceTree = "<group>"; };
		7F073F431D2FAE040015F2AC /* Info.plist */ = {isa = PBXFileReference; lastKnownFileType = text.plist.xml; path = Info.plist; sourceTree = "<group>"; };
		7F073F481D2FAE040015F2AC /* KCHackerBooksUITests.xctest */ = {isa = PBXFileReference; explicitFileType = wrapper.cfbundle; includeInIndex = 0; path = KCHackerBooksUITests.xctest; sourceTree = BUILT_PRODUCTS_DIR; };
		7F073F4C1D2FAE040015F2AC /* KCHackerBooksUITests.swift */ = {isa = PBXFileReference; lastKnownFileType = sourcecode.swift; path = KCHackerBooksUITests.swift; sourceTree = "<group>"; };
		7F073F4E1D2FAE040015F2AC /* Info.plist */ = {isa = PBXFileReference; lastKnownFileType = text.plist.xml; path = Info.plist; sourceTree = "<group>"; };
		7FAACA391D2FBBE1005593C2 /* BVCBook.swift */ = {isa = PBXFileReference; fileEncoding = 4; lastKnownFileType = sourcecode.swift; path = BVCBook.swift; sourceTree = "<group>"; };
		7FAACA3B1D2FD62B005593C2 /* BVCLibrary.swift */ = {isa = PBXFileReference; fileEncoding = 4; lastKnownFileType = sourcecode.swift; path = BVCLibrary.swift; sourceTree = "<group>"; };
		7FAACA3F1D32B232005593C2 /* BVCHBooksErrors.swift */ = {isa = PBXFileReference; fileEncoding = 4; lastKnownFileType = sourcecode.swift; path = BVCHBooksErrors.swift; sourceTree = "<group>"; };
		7FAACA411D32B8C3005593C2 /* BVCHBooksJSONProcessing.swift */ = {isa = PBXFileReference; fileEncoding = 4; lastKnownFileType = sourcecode.swift; path = BVCHBooksJSONProcessing.swift; sourceTree = "<group>"; };
		7FAACA431D32C8AE005593C2 /* Foundation.swift */ = {isa = PBXFileReference; fileEncoding = 4; lastKnownFileType = sourcecode.swift; path = Foundation.swift; sourceTree = "<group>"; };
		7FAACA481D33A124005593C2 /* Constants.swift */ = {isa = PBXFileReference; fileEncoding = 4; lastKnownFileType = sourcecode.swift; path = Constants.swift; sourceTree = "<group>"; };
		7FAACA4A1D33A130005593C2 /* StoreHelper.swift */ = {isa = PBXFileReference; fileEncoding = 4; lastKnownFileType = sourcecode.swift; path = StoreHelper.swift; sourceTree = "<group>"; };
		7FAACA4C1D366FDD005593C2 /* Utilities.swift */ = {isa = PBXFileReference; fileEncoding = 4; lastKnownFileType = sourcecode.swift; path = Utilities.swift; sourceTree = "<group>"; };
		7FAACA4F1D36774E005593C2 /* BVCBookViewController.swift */ = {isa = PBXFileReference; fileEncoding = 4; lastKnownFileType = sourcecode.swift; path = BVCBookViewController.swift; sourceTree = "<group>"; };
		7FAACA501D36774E005593C2 /* BVCBookViewController.xib */ = {isa = PBXFileReference; fileEncoding = 4; lastKnownFileType = file.xib; path = BVCBookViewController.xib; sourceTree = "<group>"; };
		7FAACA571D36C250005593C2 /* LibraryTableViewController.swift */ = {isa = PBXFileReference; fileEncoding = 4; lastKnownFileType = sourcecode.swift; path = LibraryTableViewController.swift; sourceTree = "<group>"; };
		7FAACA591D36CD26005593C2 /* BVCBookPDFViewController.swift */ = {isa = PBXFileReference; fileEncoding = 4; lastKnownFileType = sourcecode.swift; path = BVCBookPDFViewController.swift; sourceTree = "<group>"; };
		7FAACA5A1D36CD26005593C2 /* BVCBookPDFViewController.xib */ = {isa = PBXFileReference; fileEncoding = 4; lastKnownFileType = file.xib; path = BVCBookPDFViewController.xib; sourceTree = "<group>"; };
/* End PBXFileReference section */

/* Begin PBXFrameworksBuildPhase section */
		7F073F261D2FAE040015F2AC /* Frameworks */ = {
			isa = PBXFrameworksBuildPhase;
			buildActionMask = 2147483647;
			files = (
			);
			runOnlyForDeploymentPostprocessing = 0;
		};
		7F073F3A1D2FAE040015F2AC /* Frameworks */ = {
			isa = PBXFrameworksBuildPhase;
			buildActionMask = 2147483647;
			files = (
			);
			runOnlyForDeploymentPostprocessing = 0;
		};
		7F073F451D2FAE040015F2AC /* Frameworks */ = {
			isa = PBXFrameworksBuildPhase;
			buildActionMask = 2147483647;
			files = (
			);
			runOnlyForDeploymentPostprocessing = 0;
		};
/* End PBXFrameworksBuildPhase section */

/* Begin PBXGroup section */
		7F073F201D2FAE040015F2AC = {
			isa = PBXGroup;
			children = (
				7F073F2B1D2FAE040015F2AC /* KCHackerBooks */,
				7F073F401D2FAE040015F2AC /* KCHackerBooksTests */,
				7F073F4B1D2FAE040015F2AC /* KCHackerBooksUITests */,
				7F073F2A1D2FAE040015F2AC /* Products */,
			);
			sourceTree = "<group>";
		};
		7F073F2A1D2FAE040015F2AC /* Products */ = {
			isa = PBXGroup;
			children = (
				7F073F291D2FAE040015F2AC /* KCHackerBooks.app */,
				7F073F3D1D2FAE040015F2AC /* KCHackerBooksTests.xctest */,
				7F073F481D2FAE040015F2AC /* KCHackerBooksUITests.xctest */,
			);
			name = Products;
			sourceTree = "<group>";
		};
		7F073F2B1D2FAE040015F2AC /* KCHackerBooks */ = {
			isa = PBXGroup;
			children = (
				7F073F5C1D2FB4920015F2AC /* Resources */,
				7F073F5B1D2FB48B0015F2AC /* Frameworks */,
				7F073F5A1D2FB4810015F2AC /* App */,
				7F073F2C1D2FAE040015F2AC /* AppDelegate.swift */,
				7F073F331D2FAE040015F2AC /* Assets.xcassets */,
				7F073F351D2FAE040015F2AC /* LaunchScreen.storyboard */,
				7F073F381D2FAE040015F2AC /* Info.plist */,
			);
			path = KCHackerBooks;
			sourceTree = "<group>";
		};
		7F073F401D2FAE040015F2AC /* KCHackerBooksTests */ = {
			isa = PBXGroup;
			children = (
				7F073F411D2FAE040015F2AC /* KCHackerBooksTests.swift */,
				7F073F431D2FAE040015F2AC /* Info.plist */,
			);
			path = KCHackerBooksTests;
			sourceTree = "<group>";
		};
		7F073F4B1D2FAE040015F2AC /* KCHackerBooksUITests */ = {
			isa = PBXGroup;
			children = (
				7F073F4C1D2FAE040015F2AC /* KCHackerBooksUITests.swift */,
				7F073F4E1D2FAE040015F2AC /* Info.plist */,
			);
			path = KCHackerBooksUITests;
			sourceTree = "<group>";
		};
		7F073F5A1D2FB4810015F2AC /* App */ = {
			isa = PBXGroup;
			children = (
				7FAACA4E1D3676EF005593C2 /* ViewControllers */,
				7FAACA471D33A109005593C2 /* Utils */,
				7FAACA381D2FBBD4005593C2 /* Models */,
			);
			name = App;
			sourceTree = "<group>";
		};
		7F073F5B1D2FB48B0015F2AC /* Frameworks */ = {
			isa = PBXGroup;
			children = (
				7FAACA431D32C8AE005593C2 /* Foundation.swift */,
			);
			name = Frameworks;
			sourceTree = "<group>";
		};
		7F073F5C1D2FB4920015F2AC /* Resources */ = {
			isa = PBXGroup;
			children = (
				7FAACA5D1D37ABDB005593C2 /* favorites.png */,
				7FAACA5E1D37ABDB005593C2 /* no-favorites.png */,
			);
			name = Resources;
			sourceTree = "<group>";
		};
		7FAACA381D2FBBD4005593C2 /* Models */ = {
			isa = PBXGroup;
			children = (
				7FAACA391D2FBBE1005593C2 /* BVCBook.swift */,
				7FAACA3B1D2FD62B005593C2 /* BVCLibrary.swift */,
				7FAACA3F1D32B232005593C2 /* BVCHBooksErrors.swift */,
				7FAACA411D32B8C3005593C2 /* BVCHBooksJSONProcessing.swift */,
			);
			name = Models;
			sourceTree = "<group>";
		};
		7FAACA471D33A109005593C2 /* Utils */ = {
			isa = PBXGroup;
			children = (
				7FAACA481D33A124005593C2 /* Constants.swift */,
				7FAACA4A1D33A130005593C2 /* StoreHelper.swift */,
				7FAACA4C1D366FDD005593C2 /* Utilities.swift */,
			);
			name = Utils;
			sourceTree = "<group>";
		};
		7FAACA4E1D3676EF005593C2 /* ViewControllers */ = {
			isa = PBXGroup;
			children = (
				7FAACA4F1D36774E005593C2 /* BVCBookViewController.swift */,
				7FAACA501D36774E005593C2 /* BVCBookViewController.xib */,
				7FAACA571D36C250005593C2 /* LibraryTableViewController.swift */,
				7FAACA591D36CD26005593C2 /* BVCBookPDFViewController.swift */,
				7FAACA5A1D36CD26005593C2 /* BVCBookPDFViewController.xib */,
			);
			name = ViewControllers;
			sourceTree = "<group>";
		};
/* End PBXGroup section */

/* Begin PBXNativeTarget section */
		7F073F281D2FAE040015F2AC /* KCHackerBooks */ = {
			isa = PBXNativeTarget;
			buildConfigurationList = 7F073F511D2FAE040015F2AC /* Build configuration list for PBXNativeTarget "KCHackerBooks" */;
			buildPhases = (
				7F073F251D2FAE040015F2AC /* Sources */,
				7F073F261D2FAE040015F2AC /* Frameworks */,
				7F073F271D2FAE040015F2AC /* Resources */,
			);
			buildRules = (
			);
			dependencies = (
			);
			name = KCHackerBooks;
			productName = KCHackerBooks;
			productReference = 7F073F291D2FAE040015F2AC /* KCHackerBooks.app */;
			productType = "com.apple.product-type.application";
		};
		7F073F3C1D2FAE040015F2AC /* KCHackerBooksTests */ = {
			isa = PBXNativeTarget;
			buildConfigurationList = 7F073F541D2FAE040015F2AC /* Build configuration list for PBXNativeTarget "KCHackerBooksTests" */;
			buildPhases = (
				7F073F391D2FAE040015F2AC /* Sources */,
				7F073F3A1D2FAE040015F2AC /* Frameworks */,
				7F073F3B1D2FAE040015F2AC /* Resources */,
			);
			buildRules = (
			);
			dependencies = (
				7F073F3F1D2FAE040015F2AC /* PBXTargetDependency */,
			);
			name = KCHackerBooksTests;
			productName = KCHackerBooksTests;
			productReference = 7F073F3D1D2FAE040015F2AC /* KCHackerBooksTests.xctest */;
			productType = "com.apple.product-type.bundle.unit-test";
		};
		7F073F471D2FAE040015F2AC /* KCHackerBooksUITests */ = {
			isa = PBXNativeTarget;
			buildConfigurationList = 7F073F571D2FAE040015F2AC /* Build configuration list for PBXNativeTarget "KCHackerBooksUITests" */;
			buildPhases = (
				7F073F441D2FAE040015F2AC /* Sources */,
				7F073F451D2FAE040015F2AC /* Frameworks */,
				7F073F461D2FAE040015F2AC /* Resources */,
			);
			buildRules = (
			);
			dependencies = (
				7F073F4A1D2FAE040015F2AC /* PBXTargetDependency */,
			);
			name = KCHackerBooksUITests;
			productName = KCHackerBooksUITests;
			productReference = 7F073F481D2FAE040015F2AC /* KCHackerBooksUITests.xctest */;
			productType = "com.apple.product-type.bundle.ui-testing";
		};
/* End PBXNativeTarget section */

/* Begin PBXProject section */
		7F073F211D2FAE040015F2AC /* Project object */ = {
			isa = PBXProject;
			attributes = {
				LastSwiftUpdateCheck = 0730;
				LastUpgradeCheck = 0730;
				ORGANIZATIONNAME = BVC;
				TargetAttributes = {
					7F073F281D2FAE040015F2AC = {
						CreatedOnToolsVersion = 7.3;
					};
					7F073F3C1D2FAE040015F2AC = {
						CreatedOnToolsVersion = 7.3;
						TestTargetID = 7F073F281D2FAE040015F2AC;
					};
					7F073F471D2FAE040015F2AC = {
						CreatedOnToolsVersion = 7.3;
						TestTargetID = 7F073F281D2FAE040015F2AC;
					};
				};
			};
			buildConfigurationList = 7F073F241D2FAE040015F2AC /* Build configuration list for PBXProject "KCHackerBooks" */;
			compatibilityVersion = "Xcode 3.2";
			developmentRegion = English;
			hasScannedForEncodings = 0;
			knownRegions = (
				en,
				Base,
			);
			mainGroup = 7F073F201D2FAE040015F2AC;
			productRefGroup = 7F073F2A1D2FAE040015F2AC /* Products */;
			projectDirPath = "";
			projectRoot = "";
			targets = (
				7F073F281D2FAE040015F2AC /* KCHackerBooks */,
				7F073F3C1D2FAE040015F2AC /* KCHackerBooksTests */,
				7F073F471D2FAE040015F2AC /* KCHackerBooksUITests */,
			);
		};
/* End PBXProject section */

/* Begin PBXResourcesBuildPhase section */
		7F073F271D2FAE040015F2AC /* Resources */ = {
			isa = PBXResourcesBuildPhase;
			buildActionMask = 2147483647;
			files = (
				7FAACA5C1D36CD26005593C2 /* BVCBookPDFViewController.xib in Resources */,
				7F073F371D2FAE040015F2AC /* LaunchScreen.storyboard in Resources */,
				7FAACA521D36774E005593C2 /* BVCBookViewController.xib in Resources */,
				7FAACA601D37ABDB005593C2 /* no-favorites.png in Resources */,
				7F073F341D2FAE040015F2AC /* Assets.xcassets in Resources */,
				7FAACA5F1D37ABDB005593C2 /* favorites.png in Resources */,
			);
			runOnlyForDeploymentPostprocessing = 0;
		};
		7F073F3B1D2FAE040015F2AC /* Resources */ = {
			isa = PBXResourcesBuildPhase;
			buildActionMask = 2147483647;
			files = (
			);
			runOnlyForDeploymentPostprocessing = 0;
		};
		7F073F461D2FAE040015F2AC /* Resources */ = {
			isa = PBXResourcesBuildPhase;
			buildActionMask = 2147483647;
			files = (
			);
			runOnlyForDeploymentPostprocessing = 0;
		};
/* End PBXResourcesBuildPhase section */

/* Begin PBXSourcesBuildPhase section */
		7F073F251D2FAE040015F2AC /* Sources */ = {
			isa = PBXSourcesBuildPhase;
			buildActionMask = 2147483647;
			files = (
				7FAACA5B1D36CD26005593C2 /* BVCBookPDFViewController.swift in Sources */,
				7FAACA441D32C8AE005593C2 /* Foundation.swift in Sources */,
				7FAACA511D36774E005593C2 /* BVCBookViewController.swift in Sources */,
				7FAACA4B1D33A130005593C2 /* StoreHelper.swift in Sources */,
				7FAACA3A1D2FBBE1005593C2 /* BVCBook.swift in Sources */,
				7FAACA401D32B232005593C2 /* BVCHBooksErrors.swift in Sources */,
				7FAACA581D36C250005593C2 /* LibraryTableViewController.swift in Sources */,
				7FAACA3C1D2FD62B005593C2 /* BVCLibrary.swift in Sources */,
				7FAACA491D33A124005593C2 /* Constants.swift in Sources */,
				7FAACA4D1D366FDD005593C2 /* Utilities.swift in Sources */,
				7F073F2D1D2FAE040015F2AC /* AppDelegate.swift in Sources */,
				7FAACA421D32B8C3005593C2 /* BVCHBooksJSONProcessing.swift in Sources */,
			);
			runOnlyForDeploymentPostprocessing = 0;
		};
		7F073F391D2FAE040015F2AC /* Sources */ = {
			isa = PBXSourcesBuildPhase;
			buildActionMask = 2147483647;
			files = (
				7F073F421D2FAE040015F2AC /* KCHackerBooksTests.swift in Sources */,
			);
			runOnlyForDeploymentPostprocessing = 0;
		};
		7F073F441D2FAE040015F2AC /* Sources */ = {
			isa = PBXSourcesBuildPhase;
			buildActionMask = 2147483647;
			files = (
				7F073F4D1D2FAE040015F2AC /* KCHackerBooksUITests.swift in Sources */,
			);
			runOnlyForDeploymentPostprocessing = 0;
		};
/* End PBXSourcesBuildPhase section */

/* Begin PBXTargetDependency section */
		7F073F3F1D2FAE040015F2AC /* PBXTargetDependency */ = {
			isa = PBXTargetDependency;
			target = 7F073F281D2FAE040015F2AC /* KCHackerBooks */;
			targetProxy = 7F073F3E1D2FAE040015F2AC /* PBXContainerItemProxy */;
		};
		7F073F4A1D2FAE040015F2AC /* PBXTargetDependency */ = {
			isa = PBXTargetDependency;
			target = 7F073F281D2FAE040015F2AC /* KCHackerBooks */;
			targetProxy = 7F073F491D2FAE040015F2AC /* PBXContainerItemProxy */;
		};
/* End PBXTargetDependency section */

/* Begin PBXVariantGroup section */
		7F073F351D2FAE040015F2AC /* LaunchScreen.storyboard */ = {
			isa = PBXVariantGroup;
			children = (
				7F073F361D2FAE040015F2AC /* Base */,
			);
			name = LaunchScreen.storyboard;
			sourceTree = "<group>";
		};
/* End PBXVariantGroup section */

/* Begin XCBuildConfiguration section */
		7F073F4F1D2FAE040015F2AC /* Debug */ = {
			isa = XCBuildConfiguration;
			buildSettings = {
				ALWAYS_SEARCH_USER_PATHS = NO;
				CLANG_ANALYZER_NONNULL = YES;
				CLANG_CXX_LANGUAGE_STANDARD = "gnu++0x";
				CLANG_CXX_LIBRARY = "libc++";
				CLANG_ENABLE_MODULES = YES;
				CLANG_ENABLE_OBJC_ARC = YES;
				CLANG_WARN_BOOL_CONVERSION = YES;
				CLANG_WARN_CONSTANT_CONVERSION = YES;
				CLANG_WARN_DIRECT_OBJC_ISA_USAGE = YES_ERROR;
				CLANG_WARN_EMPTY_BODY = YES;
				CLANG_WARN_ENUM_CONVERSION = YES;
				CLANG_WARN_INT_CONVERSION = YES;
				CLANG_WARN_OBJC_ROOT_CLASS = YES_ERROR;
				CLANG_WARN_UNREACHABLE_CODE = YES;
				CLANG_WARN__DUPLICATE_METHOD_MATCH = YES;
				"CODE_SIGN_IDENTITY[sdk=iphoneos*]" = "iPhone Developer";
				COPY_PHASE_STRIP = NO;
				DEBUG_INFORMATION_FORMAT = dwarf;
				ENABLE_STRICT_OBJC_MSGSEND = YES;
				ENABLE_TESTABILITY = YES;
				GCC_C_LANGUAGE_STANDARD = gnu99;
				GCC_DYNAMIC_NO_PIC = NO;
				GCC_NO_COMMON_BLOCKS = YES;
				GCC_OPTIMIZATION_LEVEL = 0;
				GCC_PREPROCESSOR_DEFINITIONS = (
					"DEBUG=1",
					"$(inherited)",
				);
				GCC_WARN_64_TO_32_BIT_CONVERSION = YES;
				GCC_WARN_ABOUT_RETURN_TYPE = YES_ERROR;
				GCC_WARN_UNDECLARED_SELECTOR = YES;
				GCC_WARN_UNINITIALIZED_AUTOS = YES_AGGRESSIVE;
				GCC_WARN_UNUSED_FUNCTION = YES;
				GCC_WARN_UNUSED_VARIABLE = YES;
				IPHONEOS_DEPLOYMENT_TARGET = 9.3;
				MTL_ENABLE_DEBUG_INFO = YES;
				ONLY_ACTIVE_ARCH = YES;
				SDKROOT = iphoneos;
				SWIFT_OPTIMIZATION_LEVEL = "-Onone";
				TARGETED_DEVICE_FAMILY = 2;
			};
			name = Debug;
		};
		7F073F501D2FAE040015F2AC /* Release */ = {
			isa = XCBuildConfiguration;
			buildSettings = {
				ALWAYS_SEARCH_USER_PATHS = NO;
				CLANG_ANALYZER_NONNULL = YES;
				CLANG_CXX_LANGUAGE_STANDARD = "gnu++0x";
				CLANG_CXX_LIBRARY = "libc++";
				CLANG_ENABLE_MODULES = YES;
				CLANG_ENABLE_OBJC_ARC = YES;
				CLANG_WARN_BOOL_CONVERSION = YES;
				CLANG_WARN_CONSTANT_CONVERSION = YES;
				CLANG_WARN_DIRECT_OBJC_ISA_USAGE = YES_ERROR;
				CLANG_WARN_EMPTY_BODY = YES;
				CLANG_WARN_ENUM_CONVERSION = YES;
				CLANG_WARN_INT_CONVERSION = YES;
				CLANG_WARN_OBJC_ROOT_CLASS = YES_ERROR;
				CLANG_WARN_UNREACHABLE_CODE = YES;
				CLANG_WARN__DUPLICATE_METHOD_MATCH = YES;
				"CODE_SIGN_IDENTITY[sdk=iphoneos*]" = "iPhone Developer";
				COPY_PHASE_STRIP = NO;
				DEBUG_INFORMATION_FORMAT = "dwarf-with-dsym";
				ENABLE_NS_ASSERTIONS = NO;
				ENABLE_STRICT_OBJC_MSGSEND = YES;
				GCC_C_LANGUAGE_STANDARD = gnu99;
				GCC_NO_COMMON_BLOCKS = YES;
				GCC_WARN_64_TO_32_BIT_CONVERSION = YES;
				GCC_WARN_ABOUT_RETURN_TYPE = YES_ERROR;
				GCC_WARN_UNDECLARED_SELECTOR = YES;
				GCC_WARN_UNINITIALIZED_AUTOS = YES_AGGRESSIVE;
				GCC_WARN_UNUSED_FUNCTION = YES;
				GCC_WARN_UNUSED_VARIABLE = YES;
				IPHONEOS_DEPLOYMENT_TARGET = 9.3;
				MTL_ENABLE_DEBUG_INFO = NO;
				SDKROOT = iphoneos;
				TARGETED_DEVICE_FAMILY = 2;
				VALIDATE_PRODUCT = YES;
			};
			name = Release;
		};
		7F073F521D2FAE040015F2AC /* Debug */ = {
			isa = XCBuildConfiguration;
			buildSettings = {
				ASSETCATALOG_COMPILER_APPICON_NAME = AppIcon;
				INFOPLIST_FILE = KCHackerBooks/Info.plist;
				LD_RUNPATH_SEARCH_PATHS = "$(inherited) @executable_path/Frameworks";
				PRODUCT_BUNDLE_IDENTIFIER = com.bvc.KCHackerBooks;
				PRODUCT_NAME = "$(TARGET_NAME)";
				TARGETED_DEVICE_FAMILY = 2;
			};
			name = Debug;
		};
		7F073F531D2FAE040015F2AC /* Release */ = {
			isa = XCBuildConfiguration;
			buildSettings = {
				ASSETCATALOG_COMPILER_APPICON_NAME = AppIcon;
				INFOPLIST_FILE = KCHackerBooks/Info.plist;
				LD_RUNPATH_SEARCH_PATHS = "$(inherited) @executable_path/Frameworks";
				PRODUCT_BUNDLE_IDENTIFIER = com.bvc.KCHackerBooks;
				PRODUCT_NAME = "$(TARGET_NAME)";
				TARGETED_DEVICE_FAMILY = 2;
			};
			name = Release;
		};
		7F073F551D2FAE040015F2AC /* Debug */ = {
			isa = XCBuildConfiguration;
			buildSettings = {
				BUNDLE_LOADER = "$(TEST_HOST)";
				INFOPLIST_FILE = KCHackerBooksTests/Info.plist;
				LD_RUNPATH_SEARCH_PATHS = "$(inherited) @executable_path/Frameworks @loader_path/Frameworks";
				PRODUCT_BUNDLE_IDENTIFIER = com.bvc.KCHackerBooksTests;
				PRODUCT_NAME = "$(TARGET_NAME)";
				TEST_HOST = "$(BUILT_PRODUCTS_DIR)/KCHackerBooks.app/KCHackerBooks";
			};
			name = Debug;
		};
		7F073F561D2FAE040015F2AC /* Release */ = {
			isa = XCBuildConfiguration;
			buildSettings = {
				BUNDLE_LOADER = "$(TEST_HOST)";
				INFOPLIST_FILE = KCHackerBooksTests/Info.plist;
				LD_RUNPATH_SEARCH_PATHS = "$(inherited) @executable_path/Frameworks @loader_path/Frameworks";
				PRODUCT_BUNDLE_IDENTIFIER = com.bvc.KCHackerBooksTests;
				PRODUCT_NAME = "$(TARGET_NAME)";
				TEST_HOST = "$(BUILT_PRODUCTS_DIR)/KCHackerBooks.app/KCHackerBooks";
			};
			name = Release;
		};
		7F073F581D2FAE040015F2AC /* Debug */ = {
			isa = XCBuildConfiguration;
			buildSettings = {
				INFOPLIST_FILE = KCHackerBooksUITests/Info.plist;
				LD_RUNPATH_SEARCH_PATHS = "$(inherited) @executable_path/Frameworks @loader_path/Frameworks";
				PRODUCT_BUNDLE_IDENTIFIER = com.bvc.KCHackerBooksUITests;
				PRODUCT_NAME = "$(TARGET_NAME)";
				TEST_TARGET_NAME = KCHackerBooks;
			};
			name = Debug;
		};
		7F073F591D2FAE040015F2AC /* Release */ = {
			isa = XCBuildConfiguration;
			buildSettings = {
				INFOPLIST_FILE = KCHackerBooksUITests/Info.plist;
				LD_RUNPATH_SEARCH_PATHS = "$(inherited) @executable_path/Frameworks @loader_path/Frameworks";
				PRODUCT_BUNDLE_IDENTIFIER = com.bvc.KCHackerBooksUITests;
				PRODUCT_NAME = "$(TARGET_NAME)";
				TEST_TARGET_NAME = KCHackerBooks;
			};
			name = Release;
		};
/* End XCBuildConfiguration section */

/* Begin XCConfigurationList section */
		7F073F241D2FAE040015F2AC /* Build configuration list for PBXProject "KCHackerBooks" */ = {
			isa = XCConfigurationList;
			buildConfigurations = (
				7F073F4F1D2FAE040015F2AC /* Debug */,
				7F073F501D2FAE040015F2AC /* Release */,
			);
			defaultConfigurationIsVisible = 0;
			defaultConfigurationName = Release;
		};
		7F073F511D2FAE040015F2AC /* Build configuration list for PBXNativeTarget "KCHackerBooks" */ = {
			isa = XCConfigurationList;
			buildConfigurations = (
				7F073F521D2FAE040015F2AC /* Debug */,
				7F073F531D2FAE040015F2AC /* Release */,
			);
			defaultConfigurationIsVisible = 0;
			defaultConfigurationName = Release;
		};
		7F073F541D2FAE040015F2AC /* Build configuration list for PBXNativeTarget "KCHackerBooksTests" */ = {
			isa = XCConfigurationList;
			buildConfigurations = (
				7F073F551D2FAE040015F2AC /* Debug */,
				7F073F561D2FAE040015F2AC /* Release */,
			);
			defaultConfigurationIsVisible = 0;
			defaultConfigurationName = Release;
		};
		7F073F571D2FAE040015F2AC /* Build configuration list for PBXNativeTarget "KCHackerBooksUITests" */ = {
			isa = XCConfigurationList;
			buildConfigurations = (
				7F073F581D2FAE040015F2AC /* Debug */,
				7F073F591D2FAE040015F2AC /* Release */,
			);
			defaultConfigurationIsVisible = 0;
			defaultConfigurationName = Release;
		};
/* End XCConfigurationList section */
	};
	rootObject = 7F073F211D2FAE040015F2AC /* Project object */;
}
